
Microsoft Visual Studio Solution File, Format Version 11.00
# Visual Studio 2010
Project("{FAE04EC0-301F-11D3-BF4B-00C04F79EFBC}") = "cioda", "cioda\cioda.csproj", "{FBE46FA6-D4DB-4C7F-96BF-92FA34F2667A}"
EndProject
Project("{FAE04EC0-301F-11D3-BF4B-00C04F79EFBC}") = "testapp", "testapp\testapp.csproj", "{5021BDAC-8901-4B27-A77C-BA613D0E2AEC}"
	ProjectSection(ProjectDependencies) = postProject
		{FBE46FA6-D4DB-4C7F-96BF-92FA34F2667A} = {FBE46FA6-D4DB-4C7F-96BF-92FA34F2667A}
	EndProjectSection
EndProject
Global
	GlobalSection(SolutionConfigurationPlatforms) = preSolution
		Debug|Any CPU = Debug|Any CPU
		Debug|Mixed Platforms = Debug|Mixed Platforms
		Debug|x86 = Debug|x86
		Release|Any CPU = Release|Any CPU
		Release|Mixed Platforms = Release|Mixed Platforms
		Release|x86 = Release|x86
	EndGlobalSection
	GlobalSection(ProjectConfigurationPlatforms) = postSolution
		{FBE46FA6-D4DB-4C7F-96BF-92FA34F2667A}.Debug|Any CPU.ActiveCfg = Debug|Any CPU
		{FBE46FA6-D4DB-4C7F-96BF-92FA34F2667A}.Debug|Any CPU.Build.0 = Debug|Any CPU
		{FBE46FA6-D4DB-4C7F-96BF-92FA34F2667A}.Debug|Mixed Platforms.ActiveCfg = Debug|Any CPU
		{FBE46FA6-D4DB-4C7F-96BF-92FA34F2667A}.Debug|Mixed Platforms.Build.0 = Debug|Any CPU
		{FBE46FA6-D4DB-4C7F-96BF-92FA34F2667A}.Debug|x86.ActiveCfg = Debug|Any CPU
		{FBE46FA6-D4DB-4C7F-96BF-92FA34F2667A}.Debug|x86.Build.0 = Debug|Any CPU
		{FBE46FA6-D4DB-4C7F-96BF-92FA34F2667A}.Release|Any CPU.ActiveCfg = Release|Any CPU
		{FBE46FA6-D4DB-4C7F-96BF-92FA34F2667A}.Release|Any CPU.Build.0 = Release|Any CPU
		{FBE46FA6-D4DB-4C7F-96BF-92FA34F2667A}.Release|Mixed Platforms.ActiveCfg = Release|Any CPU
		{FBE46FA6-D4DB-4C7F-96BF-92FA34F2667A}.Release|Mixed Platforms.Build.0 = Release|Any CPU
		{FBE46FA6-D4DB-4C7F-96BF-92FA34F2667A}.Release|x86.ActiveCfg = Release|Any CPU
		{5021BDAC-8901-4B27-A77C-BA613D0E2AEC}.Debug|Any CPU.ActiveCfg = Debug|x86
		{5021BDAC-8901-4B27-A77C-BA613D0E2AEC}.Debug|Mixed Platforms.ActiveCfg = Debug|x86
		{5021BDAC-8901-4B27-A77C-BA613D0E2AEC}.Debug|Mixed Platforms.Build.0 = Debug|x86
		{5021BDAC-8901-4B27-A77C-BA613D0E2AEC}.Debug|x86.ActiveCfg = Debug|x86
		{5021BDAC-8901-4B27-A77C-BA613D0E2AEC}.Debug|x86.Build.0 = Debug|x86
		{5021BDAC-8901-4B27-A77C-BA613D0E2AEC}.Release|Any CPU.ActiveCfg = Release|x86
		{5021BDAC-8901-4B27-A77C-BA613D0E2AEC}.Release|Mixed Platforms.ActiveCfg = Release|x86
		{5021BDAC-8901-4B27-A77C-BA613D0E2AEC}.Release|Mixed Platforms.Build.0 = Release|x86
		{5021BDAC-8901-4B27-A77C-BA613D0E2AEC}.Release|x86.ActiveCfg = Release|x86
		{5021BDAC-8901-4B27-A77C-BA613D0E2AEC}.Release|x86.Build.0 = Release|x86
	EndGlobalSection
	GlobalSection(SolutionProperties) = preSolution
		HideSolutionNode = FALSE
	EndGlobalSection
EndGlobal
